
Microsoft Visual Studio Solution File, Format Version 12.00
# Visual Studio Version 16
VisualStudioVersion = 16.0.31702.278
MinimumVisualStudioVersion = 10.0.40219.1
Project("{FAE04EC0-301F-11D3-BF4B-00C04F79EFBC}") = "Task4", "Task4\Task4.csproj", "{DC939F33-C1DF-4FA8-8242-570DFBAF07CC}"
EndProject
Project("{FAE04EC0-301F-11D3-BF4B-00C04F79EFBC}") = "U17", "U17\U17.csproj", "{F56B750C-6798-41C6-9EE9-B8C417274C75}"
EndProject
Project("{FAE04EC0-301F-11D3-BF4B-00C04F79EFBC}") = "U18", "U18\U18.csproj", "{CEBB84A7-6569-435F-882C-3F9A0F17528C}"
EndProject
Project("{2150E333-8FDC-42A3-9474-1A3956D46DE8}") = "Solution Items", "Solution Items", "{850E7E1A-8A71-488F-8AEA-76746968164B}"
	ProjectSection(SolutionItems) = preProject
		.editorconfig = .editorconfig
	EndProjectSection
EndProject
Global
	GlobalSection(SolutionConfigurationPlatforms) = preSolution
		Debug|ARM = Debug|ARM
		Debug|ARM64 = Debug|ARM64
		Debug|x64 = Debug|x64
		Debug|x86 = Debug|x86
		Release|ARM = Release|ARM
		Release|ARM64 = Release|ARM64
		Release|x64 = Release|x64
		Release|x86 = Release|x86
	EndGlobalSection
	GlobalSection(ProjectConfigurationPlatforms) = postSolution
		{DC939F33-C1DF-4FA8-8242-570DFBAF07CC}.Debug|ARM.ActiveCfg = Debug|ARM
		{DC939F33-C1DF-4FA8-8242-570DFBAF07CC}.Debug|ARM.Build.0 = Debug|ARM
		{DC939F33-C1DF-4FA8-8242-570DFBAF07CC}.Debug|ARM.Deploy.0 = Debug|ARM
		{DC939F33-C1DF-4FA8-8242-570DFBAF07CC}.Debug|ARM64.ActiveCfg = Debug|ARM64
		{DC939F33-C1DF-4FA8-8242-570DFBAF07CC}.Debug|ARM64.Build.0 = Debug|ARM64
		{DC939F33-C1DF-4FA8-8242-570DFBAF07CC}.Debug|ARM64.Deploy.0 = Debug|ARM64
		{DC939F33-C1DF-4FA8-8242-570DFBAF07CC}.Debug|x64.ActiveCfg = Debug|x64
		{DC939F33-C1DF-4FA8-8242-570DFBAF07CC}.Debug|x64.Build.0 = Debug|x64
		{DC939F33-C1DF-4FA8-8242-570DFBAF07CC}.Debug|x64.Deploy.0 = Debug|x64
		{DC939F33-C1DF-4FA8-8242-570DFBAF07CC}.Debug|x86.ActiveCfg = Debug|x86
		{DC939F33-C1DF-4FA8-8242-570DFBAF07CC}.Debug|x86.Build.0 = Debug|x86
		{DC939F33-C1DF-4FA8-8242-570DFBAF07CC}.Debug|x86.Deploy.0 = Debug|x86
		{DC939F33-C1DF-4FA8-8242-570DFBAF07CC}.Release|ARM.ActiveCfg = Release|ARM
		{DC939F33-C1DF-4FA8-8242-570DFBAF07CC}.Release|ARM.Build.0 = Release|ARM
		{DC939F33-C1DF-4FA8-8242-570DFBAF07CC}.Release|ARM.Deploy.0 = Release|ARM
		{DC939F33-C1DF-4FA8-8242-570DFBAF07CC}.Release|ARM64.ActiveCfg = Release|ARM64
		{DC939F33-C1DF-4FA8-8242-570DFBAF07CC}.Release|ARM64.Build.0 = Release|ARM64
		{DC939F33-C1DF-4FA8-8242-570DFBAF07CC}.Release|ARM64.Deploy.0 = Release|ARM64
		{DC939F33-C1DF-4FA8-8242-570DFBAF07CC}.Release|x64.ActiveCfg = Release|x64
		{DC939F33-C1DF-4FA8-8242-570DFBAF07CC}.Release|x64.Build.0 = Release|x64
		{DC939F33-C1DF-4FA8-8242-570DFBAF07CC}.Release|x64.Deploy.0 = Release|x64
		{DC939F33-C1DF-4FA8-8242-570DFBAF07CC}.Release|x86.ActiveCfg = Release|x86
		{DC939F33-C1DF-4FA8-8242-570DFBAF07CC}.Release|x86.Build.0 = Release|x86
		{DC939F33-C1DF-4FA8-8242-570DFBAF07CC}.Release|x86.Deploy.0 = Release|x86
		{F56B750C-6798-41C6-9EE9-B8C417274C75}.Debug|ARM.ActiveCfg = Debug|ARM
		{F56B750C-6798-41C6-9EE9-B8C417274C75}.Debug|ARM.Build.0 = Debug|ARM
		{F56B750C-6798-41C6-9EE9-B8C417274C75}.Debug|ARM.Deploy.0 = Debug|ARM
		{F56B750C-6798-41C6-9EE9-B8C417274C75}.Debug|ARM64.ActiveCfg = Debug|ARM64
		{F56B750C-6798-41C6-9EE9-B8C417274C75}.Debug|ARM64.Build.0 = Debug|ARM64
		{F56B750C-6798-41C6-9EE9-B8C417274C75}.Debug|ARM64.Deploy.0 = Debug|ARM64
		{F56B750C-6798-41C6-9EE9-B8C417274C75}.Debug|x64.ActiveCfg = Debug|x64
		{F56B750C-6798-41C6-9EE9-B8C417274C75}.Debug|x64.Build.0 = Debug|x64
		{F56B750C-6798-41C6-9EE9-B8C417274C75}.Debug|x64.Deploy.0 = Debug|x64
		{F56B750C-6798-41C6-9EE9-B8C417274C75}.Debug|x86.ActiveCfg = Debug|x86
		{F56B750C-6798-41C6-9EE9-B8C417274C75}.Debug|x86.Build.0 = Debug|x86
		{F56B750C-6798-41C6-9EE9-B8C417274C75}.Debug|x86.Deploy.0 = Debug|x86
		{F56B750C-6798-41C6-9EE9-B8C417274C75}.Release|ARM.ActiveCfg = Release|ARM
		{F56B750C-6798-41C6-9EE9-B8C417274C75}.Release|ARM.Build.0 = Release|ARM
		{F56B750C-6798-41C6-9EE9-B8C417274C75}.Release|ARM.Deploy.0 = Release|ARM
		{F56B750C-6798-41C6-9EE9-B8C417274C75}.Release|ARM64.ActiveCfg = Release|ARM64
		{F56B750C-6798-41C6-9EE9-B8C417274C75}.Release|ARM64.Build.0 = Release|ARM64
		{F56B750C-6798-41C6-9EE9-B8C417274C75}.Release|ARM64.Deploy.0 = Release|ARM64
		{F56B750C-6798-41C6-9EE9-B8C417274C75}.Release|x64.ActiveCfg = Release|x64
		{F56B750C-6798-41C6-9EE9-B8C417274C75}.Release|x64.Build.0 = Release|x64
		{F56B750C-6798-41C6-9EE9-B8C417274C75}.Release|x64.Deploy.0 = Release|x64
		{F56B750C-6798-41C6-9EE9-B8C417274C75}.Release|x86.ActiveCfg = Release|x86
		{F56B750C-6798-41C6-9EE9-B8C417274C75}.Release|x86.Build.0 = Release|x86
		{F56B750C-6798-41C6-9EE9-B8C417274C75}.Release|x86.Deploy.0 = Release|x86
		{CEBB84A7-6569-435F-882C-3F9A0F17528C}.Debug|ARM.ActiveCfg = Debug|ARM
		{CEBB84A7-6569-435F-882C-3F9A0F17528C}.Debug|ARM.Build.0 = Debug|ARM
		{CEBB84A7-6569-435F-882C-3F9A0F17528C}.Debug|ARM.Deploy.0 = Debug|ARM
		{CEBB84A7-6569-435F-882C-3F9A0F17528C}.Debug|ARM64.ActiveCfg = Debug|ARM64
		{CEBB84A7-6569-435F-882C-3F9A0F17528C}.Debug|ARM64.Build.0 = Debug|ARM64
		{CEBB84A7-6569-435F-882C-3F9A0F17528C}.Debug|ARM64.Deploy.0 = Debug|ARM64
		{CEBB84A7-6569-435F-882C-3F9A0F17528C}.Debug|x64.ActiveCfg = Debug|x64
		{CEBB84A7-6569-435F-882C-3F9A0F17528C}.Debug|x64.Build.0 = Debug|x64
		{CEBB84A7-6569-435F-882C-3F9A0F17528C}.Debug|x64.Deploy.0 = Debug|x64
		{CEBB84A7-6569-435F-882C-3F9A0F17528C}.Debug|x86.ActiveCfg = Debug|x86
		{CEBB84A7-6569-435F-882C-3F9A0F17528C}.Debug|x86.Build.0 = Debug|x86
		{CEBB84A7-6569-435F-882C-3F9A0F17528C}.Debug|x86.Deploy.0 = Debug|x86
		{CEBB84A7-6569-435F-882C-3F9A0F17528C}.Release|ARM.ActiveCfg = Release|ARM
		{CEBB84A7-6569-435F-882C-3F9A0F17528C}.Release|ARM.Build.0 = Release|ARM
		{CEBB84A7-6569-435F-882C-3F9A0F17528C}.Release|ARM.Deploy.0 = Release|ARM
		{CEBB84A7-6569-435F-882C-3F9A0F17528C}.Release|ARM64.ActiveCfg = Release|ARM64
		{CEBB84A7-6569-435F-882C-3F9A0F17528C}.Release|ARM64.Build.0 = Release|ARM64
		{CEBB84A7-6569-435F-882C-3F9A0F17528C}.Release|ARM64.Deploy.0 = Release|ARM64
		{CEBB84A7-6569-435F-882C-3F9A0F17528C}.Release|x64.ActiveCfg = Release|x64
		{CEBB84A7-6569-435F-882C-3F9A0F17528C}.Release|x64.Build.0 = Release|x64
		{CEBB84A7-6569-435F-882C-3F9A0F17528C}.Release|x64.Deploy.0 = Release|x64
		{CEBB84A7-6569-435F-882C-3F9A0F17528C}.Release|x86.ActiveCfg = Release|x86
		{CEBB84A7-6569-435F-882C-3F9A0F17528C}.Release|x86.Build.0 = Release|x86
		{CEBB84A7-6569-435F-882C-3F9A0F17528C}.Release|x86.Deploy.0 = Release|x86
	EndGlobalSection
	GlobalSection(SolutionProperties) = preSolution
		HideSolutionNode = FALSE
	EndGlobalSection
	GlobalSection(ExtensibilityGlobals) = postSolution
		SolutionGuid = {AE0FE6F1-9C5E-4422-A4AD-42E96014B46B}
	EndGlobalSection
EndGlobal
